
Microsoft Visual Studio Solution File, Format Version 12.00
# Visual Studio Version 16
VisualStudioVersion = 16.0.30413.136
MinimumVisualStudioVersion = 10.0.40219.1
Project("{FAE04EC0-301F-11D3-BF4B-00C04F79EFBC}") = "Metody09-14GitHub", "Metody09-14GitHub\Metody09-14GitHub.csproj", "{EE446EDE-1DE7-4B2E-82AD-19FBA295A433}"
EndProject
Global
	GlobalSection(SolutionConfigurationPlatforms) = preSolution
		Debug|Any CPU = Debug|Any CPU
		Release|Any CPU = Release|Any CPU
	EndGlobalSection
	GlobalSection(ProjectConfigurationPlatforms) = postSolution
		{EE446EDE-1DE7-4B2E-82AD-19FBA295A433}.Debug|Any CPU.ActiveCfg = Debug|Any CPU
		{EE446EDE-1DE7-4B2E-82AD-19FBA295A433}.Debug|Any CPU.Build.0 = Debug|Any CPU
		{EE446EDE-1DE7-4B2E-82AD-19FBA295A433}.Release|Any CPU.ActiveCfg = Release|Any CPU
		{EE446EDE-1DE7-4B2E-82AD-19FBA295A433}.Release|Any CPU.Build.0 = Release|Any CPU
	EndGlobalSection
	GlobalSection(SolutionProperties) = preSolution
		HideSolutionNode = FALSE
	EndGlobalSection
	GlobalSection(ExtensibilityGlobals) = postSolution
		SolutionGuid = {5165927E-4DA2-4FEA-8A66-E56B155CA620}
	EndGlobalSection
EndGlobal
